{
  "name": "hubot-temperature-converter",
  "description": "A hubot plugin to convert temperatures",
  "keywords": [
    "hubot",
    "plugin",
    "temperature",
    "converter"
  ],
  "homepage": "https://github.com/Eldrick19/hubot-temperature-converter#readme",
  "license": "MIT",
  "version": "1.0.0",
  "author": {
    "name": "Eldrick19",
    "email": "eldrickman19@gmail.com"
  },
  "lockfileVersion": 2,
  "requires": true,
  "packages": {
    "": {
      "dependencies": {
        "coffeescript": "^2.7.0"
      }
    },
    "node_modules/coffeescript": {
      "version": "2.7.0",
      "resolved": "https://registry.npmjs.org/coffeescript/-/coffeescript-2.7.0.tgz",
      "integrity": "sha512-hzWp6TUE2d/jCcN67LrW1eh5b/rSDKQK6oD6VMLlggYVUUFexgTH9z3dNYihzX4RMhze5FTUsUmOXViJKFQR/A==",
      "bin": {
        "cake": "bin/cake",
        "coffee": "bin/coffee"
      },
      "engines": {
        "node": ">=6"
      }
    }
  },
  "dependencies": {
    "coffeescript": {
      "version": "2.7.0",
      "resolved": "https://registry.npmjs.org/coffeescript/-/coffeescript-2.7.0.tgz",
      "integrity": "sha512-hzWp6TUE2d/jCcN67LrW1eh5b/rSDKQK6oD6VMLlggYVUUFexgTH9z3dNYihzX4RMhze5FTUsUmOXViJKFQR/A=="
    }
  }
}
